{
  "name": "tauri-kargo-website",
  "version": "1.0.0",
  "lockfileVersion": 3,
  "requires": true,
  "packages": {
    "": {
      "name": "tauri-kargo-website",
      "version": "1.0.0",
      "license": "ISC",
      "dependencies": {
        "tauri-kargo-tools": "^0.1.5"
      }
    },
    "node_modules/tauri-kargo-tools": {
      "version": "0.1.5",
      "resolved": "https://registry.npmjs.org/tauri-kargo-tools/-/tauri-kargo-tools-0.1.5.tgz",
      "integrity": "sha512-l3McY8CMyd5IbhJGh8iMPaNS5qJ5uzDWktx9iwJ1Sajd+f0KWEb2ZU41iSGmMVQYxinDUJBFiWmeP/YKY1sTIQ==",
      "license": "ISC"
    }
  }
}
